
Microsoft Visual Studio Solution File, Format Version 12.00
# Visual Studio Version 17
VisualStudioVersion = 17.0.31903.59
MinimumVisualStudioVersion = 10.0.40219.1
Project("{2150E333-8FDC-42A3-9474-1A3956D46DE8}") = "src", "src", "{827E0CD3-B72D-47B6-A68D-7590B98EB39B}"
EndProject
Project("{2150E333-8FDC-42A3-9474-1A3956D46DE8}") = "Shared", "Shared", "{C8E42992-5E42-0C2B-DBFE-AA848D06431C}"
EndProject
Project("{FAE04EC0-301F-11D3-BF4B-00C04F79EFBC}") = "DTA.Shared", "src\Shared\DTA.Shared.csproj", "{9AE1F380-8359-488D-8F8E-C29FAEF9ECD5}"
EndProject
Project("{2150E333-8FDC-42A3-9474-1A3956D46DE8}") = "Client.Unity", "Client.Unity", "{DF54F651-7C33-114A-9E1F-D0D4F5FB0929}"
EndProject
Project("{2150E333-8FDC-42A3-9474-1A3956D46DE8}") = "Assets", "Assets", "{C0B99BAF-5858-601B-1F77-3F89B74B8408}"
EndProject
Project("{2150E333-8FDC-42A3-9474-1A3956D46DE8}") = "Scripts", "Scripts", "{E0B495F9-BC22-C15B-90C9-AC8C8C444027}"
EndProject
Project("{2150E333-8FDC-42A3-9474-1A3956D46DE8}") = "Core", "Core", "{B218C3BE-C4A8-8DE2-2A14-1EA126B32961}"
EndProject
Project("{FAE04EC0-301F-11D3-BF4B-00C04F79EFBC}") = "DTA.Core", "src\Client.Unity\Assets\Scripts\Core\DTA.Core.csproj", "{0FFDCB54-F772-4FCD-B9C5-36A656A2DF4F}"
EndProject
Project("{2150E333-8FDC-42A3-9474-1A3956D46DE8}") = "Features", "Features", "{E6E54FBD-420A-C427-9C9A-33E0DBCE7664}"
EndProject
Project("{FAE04EC0-301F-11D3-BF4B-00C04F79EFBC}") = "DTA.Features", "src\Client.Unity\Assets\Scripts\Features\DTA.Features.csproj", "{C0879303-7D77-498F-A874-2DFBF6CAE611}"
EndProject
Project("{2150E333-8FDC-42A3-9474-1A3956D46DE8}") = "UI", "UI", "{20D319EE-F660-3EB7-A1A1-A86A4EFE5925}"
EndProject
Project("{FAE04EC0-301F-11D3-BF4B-00C04F79EFBC}") = "DTA.UI", "src\Client.Unity\Assets\Scripts\UI\DTA.UI.csproj", "{5E0BD2F8-80A5-454B-8609-EA43BE38CB6D}"
EndProject
Project("{2150E333-8FDC-42A3-9474-1A3956D46DE8}") = "Server", "Server", "{E6B48023-E680-40DA-9E17-319585C26937}"
EndProject
Project("{FAE04EC0-301F-11D3-BF4B-00C04F79EFBC}") = "DTA.Server", "src\Server\DTA.Server.csproj", "{BD0E53C4-1CA7-4600-9F24-ACD787AB79D3}"
EndProject
Project("{2150E333-8FDC-42A3-9474-1A3956D46DE8}") = "tests", "tests", "{0AB3BF05-4346-4AA6-1389-037BE0695223}"
EndProject
Project("{FAE04EC0-301F-11D3-BF4B-00C04F79EFBC}") = "DTA.Core.Tests", "tests\DTA.Core.Tests\DTA.Core.Tests.csproj", "{604A9B9D-8A85-44FB-A82C-EB0733122215}"
EndProject
Project("{FAE04EC0-301F-11D3-BF4B-00C04F79EFBC}") = "DTA.Features.Tests", "tests\DTA.Features.Tests\DTA.Features.Tests.csproj", "{80360531-9C31-4930-B195-5932007DFC55}"
EndProject
Project("{FAE04EC0-301F-11D3-BF4B-00C04F79EFBC}") = "DTA.Server.Tests", "tests\DTA.Server.Tests\DTA.Server.Tests.csproj", "{11C88668-68EA-4425-80D3-868C68297A8E}"
EndProject
Project("{2150E333-8FDC-42A3-9474-1A3956D46DE8}") = "Client.Launcher", "Client.Launcher", "{7BC215A3-BC5C-5B42-8EE4-5A6C0CEBCE4C}"
EndProject
Project("{FAE04EC0-301F-11D3-BF4B-00C04F79EFBC}") = "DTA.Launcher", "src\Client.Launcher\DTA.Launcher.csproj", "{218A0785-9F43-44AC-9741-3D3EAB7C86D5}"
EndProject
Global
	GlobalSection(SolutionConfigurationPlatforms) = preSolution
		Debug|Any CPU = Debug|Any CPU
		Debug|x64 = Debug|x64
		Debug|x86 = Debug|x86
		Release|Any CPU = Release|Any CPU
		Release|x64 = Release|x64
		Release|x86 = Release|x86
	EndGlobalSection
	GlobalSection(ProjectConfigurationPlatforms) = postSolution
		{9AE1F380-8359-488D-8F8E-C29FAEF9ECD5}.Debug|Any CPU.ActiveCfg = Debug|Any CPU
		{9AE1F380-8359-488D-8F8E-C29FAEF9ECD5}.Debug|Any CPU.Build.0 = Debug|Any CPU
		{9AE1F380-8359-488D-8F8E-C29FAEF9ECD5}.Debug|x64.ActiveCfg = Debug|Any CPU
		{9AE1F380-8359-488D-8F8E-C29FAEF9ECD5}.Debug|x64.Build.0 = Debug|Any CPU
		{9AE1F380-8359-488D-8F8E-C29FAEF9ECD5}.Debug|x86.ActiveCfg = Debug|Any CPU
		{9AE1F380-8359-488D-8F8E-C29FAEF9ECD5}.Debug|x86.Build.0 = Debug|Any CPU
		{9AE1F380-8359-488D-8F8E-C29FAEF9ECD5}.Release|Any CPU.ActiveCfg = Release|Any CPU
		{9AE1F380-8359-488D-8F8E-C29FAEF9ECD5}.Release|Any CPU.Build.0 = Release|Any CPU
		{9AE1F380-8359-488D-8F8E-C29FAEF9ECD5}.Release|x64.ActiveCfg = Release|Any CPU
		{9AE1F380-8359-488D-8F8E-C29FAEF9ECD5}.Release|x64.Build.0 = Release|Any CPU
		{9AE1F380-8359-488D-8F8E-C29FAEF9ECD5}.Release|x86.ActiveCfg = Release|Any CPU
		{9AE1F380-8359-488D-8F8E-C29FAEF9ECD5}.Release|x86.Build.0 = Release|Any CPU
		{0FFDCB54-F772-4FCD-B9C5-36A656A2DF4F}.Debug|Any CPU.ActiveCfg = Debug|Any CPU
		{0FFDCB54-F772-4FCD-B9C5-36A656A2DF4F}.Debug|Any CPU.Build.0 = Debug|Any CPU
		{0FFDCB54-F772-4FCD-B9C5-36A656A2DF4F}.Debug|x64.ActiveCfg = Debug|Any CPU
		{0FFDCB54-F772-4FCD-B9C5-36A656A2DF4F}.Debug|x64.Build.0 = Debug|Any CPU
		{0FFDCB54-F772-4FCD-B9C5-36A656A2DF4F}.Debug|x86.ActiveCfg = Debug|Any CPU
		{0FFDCB54-F772-4FCD-B9C5-36A656A2DF4F}.Debug|x86.Build.0 = Debug|Any CPU
		{0FFDCB54-F772-4FCD-B9C5-36A656A2DF4F}.Release|Any CPU.ActiveCfg = Release|Any CPU
		{0FFDCB54-F772-4FCD-B9C5-36A656A2DF4F}.Release|Any CPU.Build.0 = Release|Any CPU
		{0FFDCB54-F772-4FCD-B9C5-36A656A2DF4F}.Release|x64.ActiveCfg = Release|Any CPU
		{0FFDCB54-F772-4FCD-B9C5-36A656A2DF4F}.Release|x64.Build.0 = Release|Any CPU
		{0FFDCB54-F772-4FCD-B9C5-36A656A2DF4F}.Release|x86.ActiveCfg = Release|Any CPU
		{0FFDCB54-F772-4FCD-B9C5-36A656A2DF4F}.Release|x86.Build.0 = Release|Any CPU
		{C0879303-7D77-498F-A874-2DFBF6CAE611}.Debug|Any CPU.ActiveCfg = Debug|Any CPU
		{C0879303-7D77-498F-A874-2DFBF6CAE611}.Debug|Any CPU.Build.0 = Debug|Any CPU
		{C0879303-7D77-498F-A874-2DFBF6CAE611}.Debug|x64.ActiveCfg = Debug|Any CPU
		{C0879303-7D77-498F-A874-2DFBF6CAE611}.Debug|x64.Build.0 = Debug|Any CPU
		{C0879303-7D77-498F-A874-2DFBF6CAE611}.Debug|x86.ActiveCfg = Debug|Any CPU
		{C0879303-7D77-498F-A874-2DFBF6CAE611}.Debug|x86.Build.0 = Debug|Any CPU
		{C0879303-7D77-498F-A874-2DFBF6CAE611}.Release|Any CPU.ActiveCfg = Release|Any CPU
		{C0879303-7D77-498F-A874-2DFBF6CAE611}.Release|Any CPU.Build.0 = Release|Any CPU
		{C0879303-7D77-498F-A874-2DFBF6CAE611}.Release|x64.ActiveCfg = Release|Any CPU
		{C0879303-7D77-498F-A874-2DFBF6CAE611}.Release|x64.Build.0 = Release|Any CPU
		{C0879303-7D77-498F-A874-2DFBF6CAE611}.Release|x86.ActiveCfg = Release|Any CPU
		{C0879303-7D77-498F-A874-2DFBF6CAE611}.Release|x86.Build.0 = Release|Any CPU
		{5E0BD2F8-80A5-454B-8609-EA43BE38CB6D}.Debug|Any CPU.ActiveCfg = Debug|Any CPU
		{5E0BD2F8-80A5-454B-8609-EA43BE38CB6D}.Debug|Any CPU.Build.0 = Debug|Any CPU
		{5E0BD2F8-80A5-454B-8609-EA43BE38CB6D}.Debug|x64.ActiveCfg = Debug|Any CPU
		{5E0BD2F8-80A5-454B-8609-EA43BE38CB6D}.Debug|x64.Build.0 = Debug|Any CPU
		{5E0BD2F8-80A5-454B-8609-EA43BE38CB6D}.Debug|x86.ActiveCfg = Debug|Any CPU
		{5E0BD2F8-80A5-454B-8609-EA43BE38CB6D}.Debug|x86.Build.0 = Debug|Any CPU
		{5E0BD2F8-80A5-454B-8609-EA43BE38CB6D}.Release|Any CPU.ActiveCfg = Release|Any CPU
		{5E0BD2F8-80A5-454B-8609-EA43BE38CB6D}.Release|Any CPU.Build.0 = Release|Any CPU
		{5E0BD2F8-80A5-454B-8609-EA43BE38CB6D}.Release|x64.ActiveCfg = Release|Any CPU
		{5E0BD2F8-80A5-454B-8609-EA43BE38CB6D}.Release|x64.Build.0 = Release|Any CPU
		{5E0BD2F8-80A5-454B-8609-EA43BE38CB6D}.Release|x86.ActiveCfg = Release|Any CPU
		{5E0BD2F8-80A5-454B-8609-EA43BE38CB6D}.Release|x86.Build.0 = Release|Any CPU
		{BD0E53C4-1CA7-4600-9F24-ACD787AB79D3}.Debug|Any CPU.ActiveCfg = Debug|Any CPU
		{BD0E53C4-1CA7-4600-9F24-ACD787AB79D3}.Debug|Any CPU.Build.0 = Debug|Any CPU
		{BD0E53C4-1CA7-4600-9F24-ACD787AB79D3}.Debug|x64.ActiveCfg = Debug|Any CPU
		{BD0E53C4-1CA7-4600-9F24-ACD787AB79D3}.Debug|x64.Build.0 = Debug|Any CPU
		{BD0E53C4-1CA7-4600-9F24-ACD787AB79D3}.Debug|x86.ActiveCfg = Debug|Any CPU
		{BD0E53C4-1CA7-4600-9F24-ACD787AB79D3}.Debug|x86.Build.0 = Debug|Any CPU
		{BD0E53C4-1CA7-4600-9F24-ACD787AB79D3}.Release|Any CPU.ActiveCfg = Release|Any CPU
		{BD0E53C4-1CA7-4600-9F24-ACD787AB79D3}.Release|Any CPU.Build.0 = Release|Any CPU
		{BD0E53C4-1CA7-4600-9F24-ACD787AB79D3}.Release|x64.ActiveCfg = Release|Any CPU
		{BD0E53C4-1CA7-4600-9F24-ACD787AB79D3}.Release|x64.Build.0 = Release|Any CPU
		{BD0E53C4-1CA7-4600-9F24-ACD787AB79D3}.Release|x86.ActiveCfg = Release|Any CPU
		{BD0E53C4-1CA7-4600-9F24-ACD787AB79D3}.Release|x86.Build.0 = Release|Any CPU
		{604A9B9D-8A85-44FB-A82C-EB0733122215}.Debug|Any CPU.ActiveCfg = Debug|Any CPU
		{604A9B9D-8A85-44FB-A82C-EB0733122215}.Debug|Any CPU.Build.0 = Debug|Any CPU
		{604A9B9D-8A85-44FB-A82C-EB0733122215}.Debug|x64.ActiveCfg = Debug|Any CPU
		{604A9B9D-8A85-44FB-A82C-EB0733122215}.Debug|x64.Build.0 = Debug|Any CPU
		{604A9B9D-8A85-44FB-A82C-EB0733122215}.Debug|x86.ActiveCfg = Debug|Any CPU
		{604A9B9D-8A85-44FB-A82C-EB0733122215}.Debug|x86.Build.0 = Debug|Any CPU
		{604A9B9D-8A85-44FB-A82C-EB0733122215}.Release|Any CPU.ActiveCfg = Release|Any CPU
		{604A9B9D-8A85-44FB-A82C-EB0733122215}.Release|Any CPU.Build.0 = Release|Any CPU
		{604A9B9D-8A85-44FB-A82C-EB0733122215}.Release|x64.ActiveCfg = Release|Any CPU
		{604A9B9D-8A85-44FB-A82C-EB0733122215}.Release|x64.Build.0 = Release|Any CPU
		{604A9B9D-8A85-44FB-A82C-EB0733122215}.Release|x86.ActiveCfg = Release|Any CPU
		{604A9B9D-8A85-44FB-A82C-EB0733122215}.Release|x86.Build.0 = Release|Any CPU
		{80360531-9C31-4930-B195-5932007DFC55}.Debug|Any CPU.ActiveCfg = Debug|Any CPU
		{80360531-9C31-4930-B195-5932007DFC55}.Debug|Any CPU.Build.0 = Debug|Any CPU
		{80360531-9C31-4930-B195-5932007DFC55}.Debug|x64.ActiveCfg = Debug|Any CPU
		{80360531-9C31-4930-B195-5932007DFC55}.Debug|x64.Build.0 = Debug|Any CPU
		{80360531-9C31-4930-B195-5932007DFC55}.Debug|x86.ActiveCfg = Debug|Any CPU
		{80360531-9C31-4930-B195-5932007DFC55}.Debug|x86.Build.0 = Debug|Any CPU
		{80360531-9C31-4930-B195-5932007DFC55}.Release|Any CPU.ActiveCfg = Release|Any CPU
		{80360531-9C31-4930-B195-5932007DFC55}.Release|Any CPU.Build.0 = Release|Any CPU
		{80360531-9C31-4930-B195-5932007DFC55}.Release|x64.ActiveCfg = Release|Any CPU
		{80360531-9C31-4930-B195-5932007DFC55}.Release|x64.Build.0 = Release|Any CPU
		{80360531-9C31-4930-B195-5932007DFC55}.Release|x86.ActiveCfg = Release|Any CPU
		{80360531-9C31-4930-B195-5932007DFC55}.Release|x86.Build.0 = Release|Any CPU
		{11C88668-68EA-4425-80D3-868C68297A8E}.Debug|Any CPU.ActiveCfg = Debug|Any CPU
		{11C88668-68EA-4425-80D3-868C68297A8E}.Debug|Any CPU.Build.0 = Debug|Any CPU
		{11C88668-68EA-4425-80D3-868C68297A8E}.Debug|x64.ActiveCfg = Debug|Any CPU
		{11C88668-68EA-4425-80D3-868C68297A8E}.Debug|x64.Build.0 = Debug|Any CPU
		{11C88668-68EA-4425-80D3-868C68297A8E}.Debug|x86.ActiveCfg = Debug|Any CPU
		{11C88668-68EA-4425-80D3-868C68297A8E}.Debug|x86.Build.0 = Debug|Any CPU
		{11C88668-68EA-4425-80D3-868C68297A8E}.Release|Any CPU.ActiveCfg = Release|Any CPU
		{11C88668-68EA-4425-80D3-868C68297A8E}.Release|Any CPU.Build.0 = Release|Any CPU
		{11C88668-68EA-4425-80D3-868C68297A8E}.Release|x64.ActiveCfg = Release|Any CPU
		{11C88668-68EA-4425-80D3-868C68297A8E}.Release|x64.Build.0 = Release|Any CPU
		{11C88668-68EA-4425-80D3-868C68297A8E}.Release|x86.ActiveCfg = Release|Any CPU
		{11C88668-68EA-4425-80D3-868C68297A8E}.Release|x86.Build.0 = Release|Any CPU
		{218A0785-9F43-44AC-9741-3D3EAB7C86D5}.Debug|Any CPU.ActiveCfg = Debug|Any CPU
		{218A0785-9F43-44AC-9741-3D3EAB7C86D5}.Debug|Any CPU.Build.0 = Debug|Any CPU
		{218A0785-9F43-44AC-9741-3D3EAB7C86D5}.Debug|x64.ActiveCfg = Debug|Any CPU
		{218A0785-9F43-44AC-9741-3D3EAB7C86D5}.Debug|x64.Build.0 = Debug|Any CPU
		{218A0785-9F43-44AC-9741-3D3EAB7C86D5}.Debug|x86.ActiveCfg = Debug|Any CPU
		{218A0785-9F43-44AC-9741-3D3EAB7C86D5}.Debug|x86.Build.0 = Debug|Any CPU
		{218A0785-9F43-44AC-9741-3D3EAB7C86D5}.Release|Any CPU.ActiveCfg = Release|Any CPU
		{218A0785-9F43-44AC-9741-3D3EAB7C86D5}.Release|Any CPU.Build.0 = Release|Any CPU
		{218A0785-9F43-44AC-9741-3D3EAB7C86D5}.Release|x64.ActiveCfg = Release|Any CPU
		{218A0785-9F43-44AC-9741-3D3EAB7C86D5}.Release|x64.Build.0 = Release|Any CPU
		{218A0785-9F43-44AC-9741-3D3EAB7C86D5}.Release|x86.ActiveCfg = Release|Any CPU
		{218A0785-9F43-44AC-9741-3D3EAB7C86D5}.Release|x86.Build.0 = Release|Any CPU
	EndGlobalSection
	GlobalSection(SolutionProperties) = preSolution
		HideSolutionNode = FALSE
	EndGlobalSection
	GlobalSection(NestedProjects) = preSolution
		{C8E42992-5E42-0C2B-DBFE-AA848D06431C} = {827E0CD3-B72D-47B6-A68D-7590B98EB39B}
		{9AE1F380-8359-488D-8F8E-C29FAEF9ECD5} = {C8E42992-5E42-0C2B-DBFE-AA848D06431C}
		{DF54F651-7C33-114A-9E1F-D0D4F5FB0929} = {827E0CD3-B72D-47B6-A68D-7590B98EB39B}
		{C0B99BAF-5858-601B-1F77-3F89B74B8408} = {DF54F651-7C33-114A-9E1F-D0D4F5FB0929}
		{E0B495F9-BC22-C15B-90C9-AC8C8C444027} = {C0B99BAF-5858-601B-1F77-3F89B74B8408}
		{B218C3BE-C4A8-8DE2-2A14-1EA126B32961} = {E0B495F9-BC22-C15B-90C9-AC8C8C444027}
		{0FFDCB54-F772-4FCD-B9C5-36A656A2DF4F} = {B218C3BE-C4A8-8DE2-2A14-1EA126B32961}
		{E6E54FBD-420A-C427-9C9A-33E0DBCE7664} = {E0B495F9-BC22-C15B-90C9-AC8C8C444027}
		{C0879303-7D77-498F-A874-2DFBF6CAE611} = {E6E54FBD-420A-C427-9C9A-33E0DBCE7664}
		{20D319EE-F660-3EB7-A1A1-A86A4EFE5925} = {E0B495F9-BC22-C15B-90C9-AC8C8C444027}
		{5E0BD2F8-80A5-454B-8609-EA43BE38CB6D} = {20D319EE-F660-3EB7-A1A1-A86A4EFE5925}
		{E6B48023-E680-40DA-9E17-319585C26937} = {827E0CD3-B72D-47B6-A68D-7590B98EB39B}
		{BD0E53C4-1CA7-4600-9F24-ACD787AB79D3} = {E6B48023-E680-40DA-9E17-319585C26937}
		{604A9B9D-8A85-44FB-A82C-EB0733122215} = {0AB3BF05-4346-4AA6-1389-037BE0695223}
		{80360531-9C31-4930-B195-5932007DFC55} = {0AB3BF05-4346-4AA6-1389-037BE0695223}
		{11C88668-68EA-4425-80D3-868C68297A8E} = {0AB3BF05-4346-4AA6-1389-037BE0695223}
		{7BC215A3-BC5C-5B42-8EE4-5A6C0CEBCE4C} = {827E0CD3-B72D-47B6-A68D-7590B98EB39B}
		{218A0785-9F43-44AC-9741-3D3EAB7C86D5} = {7BC215A3-BC5C-5B42-8EE4-5A6C0CEBCE4C}
	EndGlobalSection
EndGlobal
